
Microsoft Visual Studio Solution File, Format Version 12.00
# Visual Studio 15
VisualStudioVersion = 15.0.28307.168
MinimumVisualStudioVersion = 10.0.40219.1
Project("{FAE04EC0-301F-11D3-BF4B-00C04F79EFBC}") = "FileRenamer", "FileRenamer.csproj", "{55294D77-565C-4CAA-8DE7-E7B7D25690D1}"
EndProject
Global
	GlobalSection(SolutionConfigurationPlatforms) = preSolution
		Debug|Any CPU = Debug|Any CPU
		Release|Any CPU = Release|Any CPU
	EndGlobalSection
	GlobalSection(ProjectConfigurationPlatforms) = postSolution
		{55294D77-565C-4CAA-8DE7-E7B7D25690D1}.Debug|Any CPU.ActiveCfg = Debug|Any CPU
		{55294D77-565C-4CAA-8DE7-E7B7D25690D1}.Debug|Any CPU.Build.0 = Debug|Any CPU
		{55294D77-565C-4CAA-8DE7-E7B7D25690D1}.Release|Any CPU.ActiveCfg = Release|Any CPU
		{55294D77-565C-4CAA-8DE7-E7B7D25690D1}.Release|Any CPU.Build.0 = Release|Any CPU
	EndGlobalSection
	GlobalSection(SolutionProperties) = preSolution
		HideSolutionNode = FALSE
	EndGlobalSection
	GlobalSection(ExtensibilityGlobals) = postSolution
		SolutionGuid = {79EF3686-0A2E-4431-A195-47C8568513D2}
	EndGlobalSection
EndGlobal
